
Microsoft Visual Studio Solution File, Format Version 12.00
# Visual Studio Version 17
VisualStudioVersion = 17.1.32319.34
MinimumVisualStudioVersion = 10.0.40219.1
Project("{FAE04EC0-301F-11D3-BF4B-00C04F79EFBC}") = "AlatAssessment.API", "AlatAssessment.Api\AlatAssessment.API.csproj", "{487DA40A-86DF-4D8C-A51B-7B55D5BEB26F}"
EndProject
Project("{FAE04EC0-301F-11D3-BF4B-00C04F79EFBC}") = "AlatAssessment.Application", "AlatAssessment.Application\AlatAssessment.Application.csproj", "{26133473-00D0-41C6-872B-7B06F5893E4B}"
EndProject
Project("{FAE04EC0-301F-11D3-BF4B-00C04F79EFBC}") = "AlatAssessment.Entity", "AlatAssessment.Entity\AlatAssessment.Entity.csproj", "{F2C73580-947F-4A0C-B178-2C758B71A7F1}"
EndProject
Project("{FAE04EC0-301F-11D3-BF4B-00C04F79EFBC}") = "AlatAssessment.Data", "AlatAssessment.Data\AlatAssessment.Data.csproj", "{48C77F64-E9A3-4757-89F9-81E4B03D3E67}"
EndProject
Global
	GlobalSection(SolutionConfigurationPlatforms) = preSolution
		Debug|Any CPU = Debug|Any CPU
		Release|Any CPU = Release|Any CPU
	EndGlobalSection
	GlobalSection(ProjectConfigurationPlatforms) = postSolution
		{487DA40A-86DF-4D8C-A51B-7B55D5BEB26F}.Debug|Any CPU.ActiveCfg = Debug|Any CPU
		{487DA40A-86DF-4D8C-A51B-7B55D5BEB26F}.Debug|Any CPU.Build.0 = Debug|Any CPU
		{487DA40A-86DF-4D8C-A51B-7B55D5BEB26F}.Release|Any CPU.ActiveCfg = Release|Any CPU
		{487DA40A-86DF-4D8C-A51B-7B55D5BEB26F}.Release|Any CPU.Build.0 = Release|Any CPU
		{26133473-00D0-41C6-872B-7B06F5893E4B}.Debug|Any CPU.ActiveCfg = Debug|Any CPU
		{26133473-00D0-41C6-872B-7B06F5893E4B}.Debug|Any CPU.Build.0 = Debug|Any CPU
		{26133473-00D0-41C6-872B-7B06F5893E4B}.Release|Any CPU.ActiveCfg = Release|Any CPU
		{26133473-00D0-41C6-872B-7B06F5893E4B}.Release|Any CPU.Build.0 = Release|Any CPU
		{F2C73580-947F-4A0C-B178-2C758B71A7F1}.Debug|Any CPU.ActiveCfg = Debug|Any CPU
		{F2C73580-947F-4A0C-B178-2C758B71A7F1}.Debug|Any CPU.Build.0 = Debug|Any CPU
		{F2C73580-947F-4A0C-B178-2C758B71A7F1}.Release|Any CPU.ActiveCfg = Release|Any CPU
		{F2C73580-947F-4A0C-B178-2C758B71A7F1}.Release|Any CPU.Build.0 = Release|Any CPU
		{48C77F64-E9A3-4757-89F9-81E4B03D3E67}.Debug|Any CPU.ActiveCfg = Debug|Any CPU
		{48C77F64-E9A3-4757-89F9-81E4B03D3E67}.Debug|Any CPU.Build.0 = Debug|Any CPU
		{48C77F64-E9A3-4757-89F9-81E4B03D3E67}.Release|Any CPU.ActiveCfg = Release|Any CPU
		{48C77F64-E9A3-4757-89F9-81E4B03D3E67}.Release|Any CPU.Build.0 = Release|Any CPU
	EndGlobalSection
	GlobalSection(SolutionProperties) = preSolution
		HideSolutionNode = FALSE
	EndGlobalSection
	GlobalSection(ExtensibilityGlobals) = postSolution
		SolutionGuid = {5FDDF498-E538-407C-806C-51060048480A}
	EndGlobalSection
EndGlobal
